// !$*UTF8*$!
{
	archiveVersion = 1;
	classes = {
	};
	objectVersion = 56;
	objects = {

/* Begin PBXBuildFile section */
		6443AF0C2BA118EA00FB66B3 /* TravelScheduleApp.swift in Sources */ = {isa = PBXBuildFile; fileRef = 6443AF0B2BA118EA00FB66B3 /* TravelScheduleApp.swift */; };
		6443AF0E2BA118EA00FB66B3 /* ContentView.swift in Sources */ = {isa = PBXBuildFile; fileRef = 6443AF0D2BA118EA00FB66B3 /* ContentView.swift */; };
		6443AF102BA118ED00FB66B3 /* Assets.xcassets in Resources */ = {isa = PBXBuildFile; fileRef = 6443AF0F2BA118ED00FB66B3 /* Assets.xcassets */; };
		6443AF132BA118ED00FB66B3 /* Preview Assets.xcassets in Resources */ = {isa = PBXBuildFile; fileRef = 6443AF122BA118ED00FB66B3 /* Preview Assets.xcassets */; };
		6443AF1E2BA118ED00FB66B3 /* TravelScheduleTests.swift in Sources */ = {isa = PBXBuildFile; fileRef = 6443AF1D2BA118ED00FB66B3 /* TravelScheduleTests.swift */; };
		6443AF282BA118ED00FB66B3 /* TravelScheduleUITests.swift in Sources */ = {isa = PBXBuildFile; fileRef = 6443AF272BA118ED00FB66B3 /* TravelScheduleUITests.swift */; };
		6443AF2A2BA118ED00FB66B3 /* TravelScheduleUITestsLaunchTests.swift in Sources */ = {isa = PBXBuildFile; fileRef = 6443AF292BA118ED00FB66B3 /* TravelScheduleUITestsLaunchTests.swift */; };
		645435DB2BA11AE200F7D519 /* OpenAPIURLSession in Frameworks */ = {isa = PBXBuildFile; productRef = 645435DA2BA11AE200F7D519 /* OpenAPIURLSession */; };
		645435E32BA11B4200F7D519 /* OpenAPIRuntime in Frameworks */ = {isa = PBXBuildFile; productRef = 645435E22BA11B4200F7D519 /* OpenAPIRuntime */; };
		645435E82BA11BDE00F7D519 /* openapi.yaml in Resources */ = {isa = PBXBuildFile; fileRef = 645435E62BA11BBB00F7D519 /* openapi.yaml */; };
		645435EA2BA11CE700F7D519 /* openapi-generator-config.yaml in Resources */ = {isa = PBXBuildFile; fileRef = 645435E92BA11CE700F7D519 /* openapi-generator-config.yaml */; };
		645435EC2BA11DBD00F7D519 /* NearestStationsService.swift in Sources */ = {isa = PBXBuildFile; fileRef = 645435EB2BA11DBD00F7D519 /* NearestStationsService.swift */; };
		64873DA92BA751B70092550F /* SearchService.swift in Sources */ = {isa = PBXBuildFile; fileRef = 64873DA82BA751B70092550F /* SearchService.swift */; };
		64873DAC2BA753520092550F /* ScheduleService.swift in Sources */ = {isa = PBXBuildFile; fileRef = 64873DAB2BA753520092550F /* ScheduleService.swift */; };
		64873DAE2BA7554E0092550F /* ThreadService.swift in Sources */ = {isa = PBXBuildFile; fileRef = 64873DAD2BA7554E0092550F /* ThreadService.swift */; };
		64873DB02BA756170092550F /* NearestSettlementService.swift in Sources */ = {isa = PBXBuildFile; fileRef = 64873DAF2BA756170092550F /* NearestSettlementService.swift */; };
		64873DB22BA7577E0092550F /* CarrierService.swift in Sources */ = {isa = PBXBuildFile; fileRef = 64873DB12BA7577E0092550F /* CarrierService.swift */; };
		64873DB52BA7583B0092550F /* StationsListService.swift in Sources */ = {isa = PBXBuildFile; fileRef = 64873DB42BA7583B0092550F /* StationsListService.swift */; };
		64873DB72BA758BB0092550F /* CopyrightService.swift in Sources */ = {isa = PBXBuildFile; fileRef = 64873DB62BA758BB0092550F /* CopyrightService.swift */; };
/* End PBXBuildFile section */

/* Begin PBXContainerItemProxy section */
		6443AF1A2BA118ED00FB66B3 /* PBXContainerItemProxy */ = {
			isa = PBXContainerItemProxy;
			containerPortal = 6443AF002BA118EA00FB66B3 /* Project object */;
			proxyType = 1;
			remoteGlobalIDString = 6443AF072BA118EA00FB66B3;
			remoteInfo = TravelSchedule;
		};
		6443AF242BA118ED00FB66B3 /* PBXContainerItemProxy */ = {
			isa = PBXContainerItemProxy;
			containerPortal = 6443AF002BA118EA00FB66B3 /* Project object */;
			proxyType = 1;
			remoteGlobalIDString = 6443AF072BA118EA00FB66B3;
			remoteInfo = TravelSchedule;
		};
/* End PBXContainerItemProxy section */

/* Begin PBXFileReference section */
		6443AF082BA118EA00FB66B3 /* TravelSchedule.app */ = {isa = PBXFileReference; explicitFileType = wrapper.application; includeInIndex = 0; path = TravelSchedule.app; sourceTree = BUILT_PRODUCTS_DIR; };
		6443AF0B2BA118EA00FB66B3 /* TravelScheduleApp.swift */ = {isa = PBXFileReference; lastKnownFileType = sourcecode.swift; path = TravelScheduleApp.swift; sourceTree = "<group>"; };
		6443AF0D2BA118EA00FB66B3 /* ContentView.swift */ = {isa = PBXFileReference; lastKnownFileType = sourcecode.swift; path = ContentView.swift; sourceTree = "<group>"; };
		6443AF0F2BA118ED00FB66B3 /* Assets.xcassets */ = {isa = PBXFileReference; lastKnownFileType = folder.assetcatalog; path = Assets.xcassets; sourceTree = "<group>"; };
		6443AF122BA118ED00FB66B3 /* Preview Assets.xcassets */ = {isa = PBXFileReference; lastKnownFileType = folder.assetcatalog; path = "Preview Assets.xcassets"; sourceTree = "<group>"; };
		6443AF142BA118ED00FB66B3 /* TravelSchedule.entitlements */ = {isa = PBXFileReference; lastKnownFileType = text.plist.entitlements; path = TravelSchedule.entitlements; sourceTree = "<group>"; };
		6443AF192BA118ED00FB66B3 /* TravelScheduleTests.xctest */ = {isa = PBXFileReference; explicitFileType = wrapper.cfbundle; includeInIndex = 0; path = TravelScheduleTests.xctest; sourceTree = BUILT_PRODUCTS_DIR; };
		6443AF1D2BA118ED00FB66B3 /* TravelScheduleTests.swift */ = {isa = PBXFileReference; lastKnownFileType = sourcecode.swift; path = TravelScheduleTests.swift; sourceTree = "<group>"; };
		6443AF232BA118ED00FB66B3 /* TravelScheduleUITests.xctest */ = {isa = PBXFileReference; explicitFileType = wrapper.cfbundle; includeInIndex = 0; path = TravelScheduleUITests.xctest; sourceTree = BUILT_PRODUCTS_DIR; };
		6443AF272BA118ED00FB66B3 /* TravelScheduleUITests.swift */ = {isa = PBXFileReference; lastKnownFileType = sourcecode.swift; path = TravelScheduleUITests.swift; sourceTree = "<group>"; };
		6443AF292BA118ED00FB66B3 /* TravelScheduleUITestsLaunchTests.swift */ = {isa = PBXFileReference; lastKnownFileType = sourcecode.swift; path = TravelScheduleUITestsLaunchTests.swift; sourceTree = "<group>"; };
		645435E62BA11BBB00F7D519 /* openapi.yaml */ = {isa = PBXFileReference; fileEncoding = 4; lastKnownFileType = text.yaml; path = openapi.yaml; sourceTree = "<group>"; };
		645435E92BA11CE700F7D519 /* openapi-generator-config.yaml */ = {isa = PBXFileReference; fileEncoding = 4; lastKnownFileType = text.yaml; path = "openapi-generator-config.yaml"; sourceTree = "<group>"; };
		645435EB2BA11DBD00F7D519 /* NearestStationsService.swift */ = {isa = PBXFileReference; lastKnownFileType = sourcecode.swift; path = NearestStationsService.swift; sourceTree = "<group>"; };
		64873DA82BA751B70092550F /* SearchService.swift */ = {isa = PBXFileReference; lastKnownFileType = sourcecode.swift; path = SearchService.swift; sourceTree = "<group>"; };
		64873DAB2BA753520092550F /* ScheduleService.swift */ = {isa = PBXFileReference; lastKnownFileType = sourcecode.swift; path = ScheduleService.swift; sourceTree = "<group>"; };
		64873DAD2BA7554E0092550F /* ThreadService.swift */ = {isa = PBXFileReference; lastKnownFileType = sourcecode.swift; path = ThreadService.swift; sourceTree = "<group>"; };
		64873DAF2BA756170092550F /* NearestSettlementService.swift */ = {isa = PBXFileReference; lastKnownFileType = sourcecode.swift; path = NearestSettlementService.swift; sourceTree = "<group>"; };
		64873DB12BA7577E0092550F /* CarrierService.swift */ = {isa = PBXFileReference; lastKnownFileType = sourcecode.swift; path = CarrierService.swift; sourceTree = "<group>"; };
		64873DB42BA7583B0092550F /* StationsListService.swift */ = {isa = PBXFileReference; lastKnownFileType = sourcecode.swift; path = StationsListService.swift; sourceTree = "<group>"; };
		64873DB62BA758BB0092550F /* CopyrightService.swift */ = {isa = PBXFileReference; lastKnownFileType = sourcecode.swift; path = CopyrightService.swift; sourceTree = "<group>"; };
/* End PBXFileReference section */

/* Begin PBXFrameworksBuildPhase section */
		6443AF052BA118EA00FB66B3 /* Frameworks */ = {
			isa = PBXFrameworksBuildPhase;
			buildActionMask = 2147483647;
			files = (
				645435E32BA11B4200F7D519 /* OpenAPIRuntime in Frameworks */,
				645435DB2BA11AE200F7D519 /* OpenAPIURLSession in Frameworks */,
			);
			runOnlyForDeploymentPostprocessing = 0;
		};
		6443AF162BA118ED00FB66B3 /* Frameworks */ = {
			isa = PBXFrameworksBuildPhase;
			buildActionMask = 2147483647;
			files = (
			);
			runOnlyForDeploymentPostprocessing = 0;
		};
		6443AF202BA118ED00FB66B3 /* Frameworks */ = {
			isa = PBXFrameworksBuildPhase;
			buildActionMask = 2147483647;
			files = (
			);
			runOnlyForDeploymentPostprocessing = 0;
		};
/* End PBXFrameworksBuildPhase section */

/* Begin PBXGroup section */
		6443AEFF2BA118EA00FB66B3 = {
			isa = PBXGroup;
			children = (
				6443AF0A2BA118EA00FB66B3 /* TravelSchedule */,
				6443AF1C2BA118ED00FB66B3 /* TravelScheduleTests */,
				6443AF262BA118ED00FB66B3 /* TravelScheduleUITests */,
				6443AF092BA118EA00FB66B3 /* Products */,
			);
			sourceTree = "<group>";
		};
		6443AF092BA118EA00FB66B3 /* Products */ = {
			isa = PBXGroup;
			children = (
				6443AF082BA118EA00FB66B3 /* TravelSchedule.app */,
				6443AF192BA118ED00FB66B3 /* TravelScheduleTests.xctest */,
				6443AF232BA118ED00FB66B3 /* TravelScheduleUITests.xctest */,
			);
			name = Products;
			sourceTree = "<group>";
		};
		6443AF0A2BA118EA00FB66B3 /* TravelSchedule */ = {
			isa = PBXGroup;
			children = (
				6443AF0B2BA118EA00FB66B3 /* TravelScheduleApp.swift */,
				645435EB2BA11DBD00F7D519 /* NearestStationsService.swift */,
				64873DA82BA751B70092550F /* SearchService.swift */,
				64873DAB2BA753520092550F /* ScheduleService.swift */,
				64873DAD2BA7554E0092550F /* ThreadService.swift */,
				64873DAF2BA756170092550F /* NearestSettlementService.swift */,
				64873DB12BA7577E0092550F /* CarrierService.swift */,
				64873DB42BA7583B0092550F /* StationsListService.swift */,
				64873DB62BA758BB0092550F /* CopyrightService.swift */,
				6443AF0D2BA118EA00FB66B3 /* ContentView.swift */,
				645435E62BA11BBB00F7D519 /* openapi.yaml */,
				645435E92BA11CE700F7D519 /* openapi-generator-config.yaml */,
				6443AF0F2BA118ED00FB66B3 /* Assets.xcassets */,
				6443AF142BA118ED00FB66B3 /* TravelSchedule.entitlements */,
				6443AF112BA118ED00FB66B3 /* Preview Content */,
			);
			path = TravelSchedule;
			sourceTree = "<group>";
		};
		6443AF112BA118ED00FB66B3 /* Preview Content */ = {
			isa = PBXGroup;
			children = (
				6443AF122BA118ED00FB66B3 /* Preview Assets.xcassets */,
			);
			path = "Preview Content";
			sourceTree = "<group>";
		};
		6443AF1C2BA118ED00FB66B3 /* TravelScheduleTests */ = {
			isa = PBXGroup;
			children = (
				6443AF1D2BA118ED00FB66B3 /* TravelScheduleTests.swift */,
			);
			path = TravelScheduleTests;
			sourceTree = "<group>";
		};
		6443AF262BA118ED00FB66B3 /* TravelScheduleUITests */ = {
			isa = PBXGroup;
			children = (
				6443AF272BA118ED00FB66B3 /* TravelScheduleUITests.swift */,
				6443AF292BA118ED00FB66B3 /* TravelScheduleUITestsLaunchTests.swift */,
			);
			path = TravelScheduleUITests;
			sourceTree = "<group>";
		};
/* End PBXGroup section */

/* Begin PBXNativeTarget section */
		6443AF072BA118EA00FB66B3 /* TravelSchedule */ = {
			isa = PBXNativeTarget;
			buildConfigurationList = 6443AF2D2BA118ED00FB66B3 /* Build configuration list for PBXNativeTarget "TravelSchedule" */;
			buildPhases = (
				6443AF042BA118EA00FB66B3 /* Sources */,
				6443AF052BA118EA00FB66B3 /* Frameworks */,
				6443AF062BA118EA00FB66B3 /* Resources */,
			);
			buildRules = (
			);
			dependencies = (
				645435E52BA11B8500F7D519 /* PBXTargetDependency */,
			);
			name = TravelSchedule;
			packageProductDependencies = (
				645435DA2BA11AE200F7D519 /* OpenAPIURLSession */,
				645435E22BA11B4200F7D519 /* OpenAPIRuntime */,
			);
			productName = TravelSchedule;
			productReference = 6443AF082BA118EA00FB66B3 /* TravelSchedule.app */;
			productType = "com.apple.product-type.application";
		};
		6443AF182BA118ED00FB66B3 /* TravelScheduleTests */ = {
			isa = PBXNativeTarget;
			buildConfigurationList = 6443AF302BA118ED00FB66B3 /* Build configuration list for PBXNativeTarget "TravelScheduleTests" */;
			buildPhases = (
				6443AF152BA118ED00FB66B3 /* Sources */,
				6443AF162BA118ED00FB66B3 /* Frameworks */,
				6443AF172BA118ED00FB66B3 /* Resources */,
			);
			buildRules = (
			);
			dependencies = (
				6443AF1B2BA118ED00FB66B3 /* PBXTargetDependency */,
			);
			name = TravelScheduleTests;
			productName = TravelScheduleTests;
			productReference = 6443AF192BA118ED00FB66B3 /* TravelScheduleTests.xctest */;
			productType = "com.apple.product-type.bundle.unit-test";
		};
		6443AF222BA118ED00FB66B3 /* TravelScheduleUITests */ = {
			isa = PBXNativeTarget;
			buildConfigurationList = 6443AF332BA118ED00FB66B3 /* Build configuration list for PBXNativeTarget "TravelScheduleUITests" */;
			buildPhases = (
				6443AF1F2BA118ED00FB66B3 /* Sources */,
				6443AF202BA118ED00FB66B3 /* Frameworks */,
				6443AF212BA118ED00FB66B3 /* Resources */,
			);
			buildRules = (
			);
			dependencies = (
				6443AF252BA118ED00FB66B3 /* PBXTargetDependency */,
			);
			name = TravelScheduleUITests;
			productName = TravelScheduleUITests;
			productReference = 6443AF232BA118ED00FB66B3 /* TravelScheduleUITests.xctest */;
			productType = "com.apple.product-type.bundle.ui-testing";
		};
/* End PBXNativeTarget section */

/* Begin PBXProject section */
		6443AF002BA118EA00FB66B3 /* Project object */ = {
			isa = PBXProject;
			attributes = {
				BuildIndependentTargetsInParallel = 1;
				LastSwiftUpdateCheck = 1520;
				LastUpgradeCheck = 1520;
				TargetAttributes = {
					6443AF072BA118EA00FB66B3 = {
						CreatedOnToolsVersion = 15.2;
					};
					6443AF182BA118ED00FB66B3 = {
						CreatedOnToolsVersion = 15.2;
						TestTargetID = 6443AF072BA118EA00FB66B3;
					};
					6443AF222BA118ED00FB66B3 = {
						CreatedOnToolsVersion = 15.2;
						TestTargetID = 6443AF072BA118EA00FB66B3;
					};
				};
			};
			buildConfigurationList = 6443AF032BA118EA00FB66B3 /* Build configuration list for PBXProject "TravelSchedule" */;
			compatibilityVersion = "Xcode 14.0";
			developmentRegion = en;
			hasScannedForEncodings = 0;
			knownRegions = (
				en,
				Base,
			);
			mainGroup = 6443AEFF2BA118EA00FB66B3;
			packageReferences = (
				645435D92BA11AE200F7D519 /* XCRemoteSwiftPackageReference "swift-openapi-urlsession" */,
				645435DC2BA11B1C00F7D519 /* XCRemoteSwiftPackageReference "swift-openapi-generator" */,
				645435E12BA11B4200F7D519 /* XCRemoteSwiftPackageReference "swift-openapi-runtime" */,
			);
			productRefGroup = 6443AF092BA118EA00FB66B3 /* Products */;
			projectDirPath = "";
			projectRoot = "";
			targets = (
				6443AF072BA118EA00FB66B3 /* TravelSchedule */,
				6443AF182BA118ED00FB66B3 /* TravelScheduleTests */,
				6443AF222BA118ED00FB66B3 /* TravelScheduleUITests */,
			);
		};
/* End PBXProject section */

/* Begin PBXResourcesBuildPhase section */
		6443AF062BA118EA00FB66B3 /* Resources */ = {
			isa = PBXResourcesBuildPhase;
			buildActionMask = 2147483647;
			files = (
				645435E82BA11BDE00F7D519 /* openapi.yaml in Resources */,
				645435EA2BA11CE700F7D519 /* openapi-generator-config.yaml in Resources */,
				6443AF132BA118ED00FB66B3 /* Preview Assets.xcassets in Resources */,
				6443AF102BA118ED00FB66B3 /* Assets.xcassets in Resources */,
			);
			runOnlyForDeploymentPostprocessing = 0;
		};
		6443AF172BA118ED00FB66B3 /* Resources */ = {
			isa = PBXResourcesBuildPhase;
			buildActionMask = 2147483647;
			files = (
			);
			runOnlyForDeploymentPostprocessing = 0;
		};
		6443AF212BA118ED00FB66B3 /* Resources */ = {
			isa = PBXResourcesBuildPhase;
			buildActionMask = 2147483647;
			files = (
			);
			runOnlyForDeploymentPostprocessing = 0;
		};
/* End PBXResourcesBuildPhase section */

/* Begin PBXSourcesBuildPhase section */
		6443AF042BA118EA00FB66B3 /* Sources */ = {
			isa = PBXSourcesBuildPhase;
			buildActionMask = 2147483647;
			files = (
				64873DB22BA7577E0092550F /* CarrierService.swift in Sources */,
				64873DB02BA756170092550F /* NearestSettlementService.swift in Sources */,
				6443AF0E2BA118EA00FB66B3 /* ContentView.swift in Sources */,
				64873DAC2BA753520092550F /* ScheduleService.swift in Sources */,
				64873DB52BA7583B0092550F /* StationsListService.swift in Sources */,
				64873DA92BA751B70092550F /* SearchService.swift in Sources */,
				645435EC2BA11DBD00F7D519 /* NearestStationsService.swift in Sources */,
				6443AF0C2BA118EA00FB66B3 /* TravelScheduleApp.swift in Sources */,
				64873DAE2BA7554E0092550F /* ThreadService.swift in Sources */,
				64873DB72BA758BB0092550F /* CopyrightService.swift in Sources */,
			);
			runOnlyForDeploymentPostprocessing = 0;
		};
		6443AF152BA118ED00FB66B3 /* Sources */ = {
			isa = PBXSourcesBuildPhase;
			buildActionMask = 2147483647;
			files = (
				6443AF1E2BA118ED00FB66B3 /* TravelScheduleTests.swift in Sources */,
			);
			runOnlyForDeploymentPostprocessing = 0;
		};
		6443AF1F2BA118ED00FB66B3 /* Sources */ = {
			isa = PBXSourcesBuildPhase;
			buildActionMask = 2147483647;
			files = (
				6443AF282BA118ED00FB66B3 /* TravelScheduleUITests.swift in Sources */,
				6443AF2A2BA118ED00FB66B3 /* TravelScheduleUITestsLaunchTests.swift in Sources */,
			);
			runOnlyForDeploymentPostprocessing = 0;
		};
/* End PBXSourcesBuildPhase section */

/* Begin PBXTargetDependency section */
		6443AF1B2BA118ED00FB66B3 /* PBXTargetDependency */ = {
			isa = PBXTargetDependency;
			target = 6443AF072BA118EA00FB66B3 /* TravelSchedule */;
			targetProxy = 6443AF1A2BA118ED00FB66B3 /* PBXContainerItemProxy */;
		};
		6443AF252BA118ED00FB66B3 /* PBXTargetDependency */ = {
			isa = PBXTargetDependency;
			target = 6443AF072BA118EA00FB66B3 /* TravelSchedule */;
			targetProxy = 6443AF242BA118ED00FB66B3 /* PBXContainerItemProxy */;
		};
		645435E52BA11B8500F7D519 /* PBXTargetDependency */ = {
			isa = PBXTargetDependency;
			productRef = 645435E42BA11B8500F7D519 /* OpenAPIGenerator */;
		};
/* End PBXTargetDependency section */

/* Begin XCBuildConfiguration section */
		6443AF2B2BA118ED00FB66B3 /* Debug */ = {
			isa = XCBuildConfiguration;
			buildSettings = {
				ALWAYS_SEARCH_USER_PATHS = NO;
				ASSETCATALOG_COMPILER_GENERATE_SWIFT_ASSET_SYMBOL_EXTENSIONS = YES;
				CLANG_ANALYZER_NONNULL = YES;
				CLANG_ANALYZER_NUMBER_OBJECT_CONVERSION = YES_AGGRESSIVE;
				CLANG_CXX_LANGUAGE_STANDARD = "gnu++20";
				CLANG_ENABLE_MODULES = YES;
				CLANG_ENABLE_OBJC_ARC = YES;
				CLANG_ENABLE_OBJC_WEAK = YES;
				CLANG_WARN_BLOCK_CAPTURE_AUTORELEASING = YES;
				CLANG_WARN_BOOL_CONVERSION = YES;
				CLANG_WARN_COMMA = YES;
				CLANG_WARN_CONSTANT_CONVERSION = YES;
				CLANG_WARN_DEPRECATED_OBJC_IMPLEMENTATIONS = YES;
				CLANG_WARN_DIRECT_OBJC_ISA_USAGE = YES_ERROR;
				CLANG_WARN_DOCUMENTATION_COMMENTS = YES;
				CLANG_WARN_EMPTY_BODY = YES;
				CLANG_WARN_ENUM_CONVERSION = YES;
				CLANG_WARN_INFINITE_RECURSION = YES;
				CLANG_WARN_INT_CONVERSION = YES;
				CLANG_WARN_NON_LITERAL_NULL_CONVERSION = YES;
				CLANG_WARN_OBJC_IMPLICIT_RETAIN_SELF = YES;
				CLANG_WARN_OBJC_LITERAL_CONVERSION = YES;
				CLANG_WARN_OBJC_ROOT_CLASS = YES_ERROR;
				CLANG_WARN_QUOTED_INCLUDE_IN_FRAMEWORK_HEADER = YES;
				CLANG_WARN_RANGE_LOOP_ANALYSIS = YES;
				CLANG_WARN_STRICT_PROTOTYPES = YES;
				CLANG_WARN_SUSPICIOUS_MOVE = YES;
				CLANG_WARN_UNGUARDED_AVAILABILITY = YES_AGGRESSIVE;
				CLANG_WARN_UNREACHABLE_CODE = YES;
				CLANG_WARN__DUPLICATE_METHOD_MATCH = YES;
				COPY_PHASE_STRIP = NO;
				DEBUG_INFORMATION_FORMAT = dwarf;
				ENABLE_STRICT_OBJC_MSGSEND = YES;
				ENABLE_TESTABILITY = YES;
				ENABLE_USER_SCRIPT_SANDBOXING = YES;
				GCC_C_LANGUAGE_STANDARD = gnu17;
				GCC_DYNAMIC_NO_PIC = NO;
				GCC_NO_COMMON_BLOCKS = YES;
				GCC_OPTIMIZATION_LEVEL = 0;
				GCC_PREPROCESSOR_DEFINITIONS = (
					"DEBUG=1",
					"$(inherited)",
				);
				GCC_WARN_64_TO_32_BIT_CONVERSION = YES;
				GCC_WARN_ABOUT_RETURN_TYPE = YES_ERROR;
				GCC_WARN_UNDECLARED_SELECTOR = YES;
				GCC_WARN_UNINITIALIZED_AUTOS = YES_AGGRESSIVE;
				GCC_WARN_UNUSED_FUNCTION = YES;
				GCC_WARN_UNUSED_VARIABLE = YES;
				LOCALIZATION_PREFERS_STRING_CATALOGS = YES;
				MACOSX_DEPLOYMENT_TARGET = 13.6;
				MTL_ENABLE_DEBUG_INFO = INCLUDE_SOURCE;
				MTL_FAST_MATH = YES;
				ONLY_ACTIVE_ARCH = YES;
				SDKROOT = macosx;
				SWIFT_ACTIVE_COMPILATION_CONDITIONS = "DEBUG $(inherited)";
				SWIFT_OPTIMIZATION_LEVEL = "-Onone";
			};
			name = Debug;
		};
		6443AF2C2BA118ED00FB66B3 /* Release */ = {
			isa = XCBuildConfiguration;
			buildSettings = {
				ALWAYS_SEARCH_USER_PATHS = NO;
				ASSETCATALOG_COMPILER_GENERATE_SWIFT_ASSET_SYMBOL_EXTENSIONS = YES;
				CLANG_ANALYZER_NONNULL = YES;
				CLANG_ANALYZER_NUMBER_OBJECT_CONVERSION = YES_AGGRESSIVE;
				CLANG_CXX_LANGUAGE_STANDARD = "gnu++20";
				CLANG_ENABLE_MODULES = YES;
				CLANG_ENABLE_OBJC_ARC = YES;
				CLANG_ENABLE_OBJC_WEAK = YES;
				CLANG_WARN_BLOCK_CAPTURE_AUTORELEASING = YES;
				CLANG_WARN_BOOL_CONVERSION = YES;
				CLANG_WARN_COMMA = YES;
				CLANG_WARN_CONSTANT_CONVERSION = YES;
				CLANG_WARN_DEPRECATED_OBJC_IMPLEMENTATIONS = YES;
				CLANG_WARN_DIRECT_OBJC_ISA_USAGE = YES_ERROR;
				CLANG_WARN_DOCUMENTATION_COMMENTS = YES;
				CLANG_WARN_EMPTY_BODY = YES;
				CLANG_WARN_ENUM_CONVERSION = YES;
				CLANG_WARN_INFINITE_RECURSION = YES;
				CLANG_WARN_INT_CONVERSION = YES;
				CLANG_WARN_NON_LITERAL_NULL_CONVERSION = YES;
				CLANG_WARN_OBJC_IMPLICIT_RETAIN_SELF = YES;
				CLANG_WARN_OBJC_LITERAL_CONVERSION = YES;
				CLANG_WARN_OBJC_ROOT_CLASS = YES_ERROR;
				CLANG_WARN_QUOTED_INCLUDE_IN_FRAMEWORK_HEADER = YES;
				CLANG_WARN_RANGE_LOOP_ANALYSIS = YES;
				CLANG_WARN_STRICT_PROTOTYPES = YES;
				CLANG_WARN_SUSPICIOUS_MOVE = YES;
				CLANG_WARN_UNGUARDED_AVAILABILITY = YES_AGGRESSIVE;
				CLANG_WARN_UNREACHABLE_CODE = YES;
				CLANG_WARN__DUPLICATE_METHOD_MATCH = YES;
				COPY_PHASE_STRIP = NO;
				DEBUG_INFORMATION_FORMAT = "dwarf-with-dsym";
				ENABLE_NS_ASSERTIONS = NO;
				ENABLE_STRICT_OBJC_MSGSEND = YES;
				ENABLE_USER_SCRIPT_SANDBOXING = YES;
				GCC_C_LANGUAGE_STANDARD = gnu17;
				GCC_NO_COMMON_BLOCKS = YES;
				GCC_WARN_64_TO_32_BIT_CONVERSION = YES;
				GCC_WARN_ABOUT_RETURN_TYPE = YES_ERROR;
				GCC_WARN_UNDECLARED_SELECTOR = YES;
				GCC_WARN_UNINITIALIZED_AUTOS = YES_AGGRESSIVE;
				GCC_WARN_UNUSED_FUNCTION = YES;
				GCC_WARN_UNUSED_VARIABLE = YES;
				LOCALIZATION_PREFERS_STRING_CATALOGS = YES;
				MACOSX_DEPLOYMENT_TARGET = 13.6;
				MTL_ENABLE_DEBUG_INFO = NO;
				MTL_FAST_MATH = YES;
				SDKROOT = macosx;
				SWIFT_COMPILATION_MODE = wholemodule;
			};
			name = Release;
		};
		6443AF2E2BA118ED00FB66B3 /* Debug */ = {
			isa = XCBuildConfiguration;
			buildSettings = {
				ASSETCATALOG_COMPILER_APPICON_NAME = AppIcon;
				ASSETCATALOG_COMPILER_GLOBAL_ACCENT_COLOR_NAME = AccentColor;
				CODE_SIGN_ENTITLEMENTS = TravelSchedule/TravelSchedule.entitlements;
				CODE_SIGN_STYLE = Automatic;
				COMBINE_HIDPI_IMAGES = YES;
				CURRENT_PROJECT_VERSION = 1;
				DEVELOPMENT_ASSET_PATHS = "\"TravelSchedule/Preview Content\"";
				DEVELOPMENT_TEAM = DMFV8BKN4K;
				ENABLE_HARDENED_RUNTIME = YES;
				ENABLE_PREVIEWS = YES;
				GENERATE_INFOPLIST_FILE = YES;
				INFOPLIST_KEY_NSHumanReadableCopyright = "";
				INFOPLIST_KEY_UISupportedInterfaceOrientations = UIInterfaceOrientationPortrait;
				IPHONEOS_DEPLOYMENT_TARGET = 15.0;
				LD_RUNPATH_SEARCH_PATHS = (
					"$(inherited)",
					"@executable_path/../Frameworks",
				);
				MACOSX_DEPLOYMENT_TARGET = 14.2;
				MARKETING_VERSION = 1.0;
				PRODUCT_BUNDLE_IDENTIFIER = com.pitinovamargo.TravelSchedule;
				PRODUCT_NAME = "$(TARGET_NAME)";
				SUPPORTED_PLATFORMS = "iphoneos iphonesimulator";
				SUPPORTS_MACCATALYST = NO;
				SWIFT_EMIT_LOC_STRINGS = YES;
				SWIFT_VERSION = 5.0;
				TARGETED_DEVICE_FAMILY = 1;
			};
			name = Debug;
		};
		6443AF2F2BA118ED00FB66B3 /* Release */ = {
			isa = XCBuildConfiguration;
			buildSettings = {
				ASSETCATALOG_COMPILER_APPICON_NAME = AppIcon;
				ASSETCATALOG_COMPILER_GLOBAL_ACCENT_COLOR_NAME = AccentColor;
				CODE_SIGN_ENTITLEMENTS = TravelSchedule/TravelSchedule.entitlements;
				CODE_SIGN_STYLE = Automatic;
				COMBINE_HIDPI_IMAGES = YES;
				CURRENT_PROJECT_VERSION = 1;
				DEVELOPMENT_ASSET_PATHS = "\"TravelSchedule/Preview Content\"";
				DEVELOPMENT_TEAM = DMFV8BKN4K;
				ENABLE_HARDENED_RUNTIME = YES;
				ENABLE_PREVIEWS = YES;
				GENERATE_INFOPLIST_FILE = YES;
				INFOPLIST_KEY_NSHumanReadableCopyright = "";
				INFOPLIST_KEY_UISupportedInterfaceOrientations = UIInterfaceOrientationPortrait;
				IPHONEOS_DEPLOYMENT_TARGET = 15.0;
				LD_RUNPATH_SEARCH_PATHS = (
					"$(inherited)",
					"@executable_path/../Frameworks",
				);
				MACOSX_DEPLOYMENT_TARGET = 14.2;
				MARKETING_VERSION = 1.0;
				PRODUCT_BUNDLE_IDENTIFIER = com.pitinovamargo.TravelSchedule;
				PRODUCT_NAME = "$(TARGET_NAME)";
				SUPPORTED_PLATFORMS = "iphoneos iphonesimulator";
				SUPPORTS_MACCATALYST = NO;
				SWIFT_EMIT_LOC_STRINGS = YES;
				SWIFT_VERSION = 5.0;
				TARGETED_DEVICE_FAMILY = 1;
			};
			name = Release;
		};
		6443AF312BA118ED00FB66B3 /* Debug */ = {
			isa = XCBuildConfiguration;
			buildSettings = {
				ALWAYS_EMBED_SWIFT_STANDARD_LIBRARIES = YES;
				BUNDLE_LOADER = "$(TEST_HOST)";
				CODE_SIGN_STYLE = Automatic;
				CURRENT_PROJECT_VERSION = 1;
				DEVELOPMENT_TEAM = DMFV8BKN4K;
				GENERATE_INFOPLIST_FILE = YES;
				MACOSX_DEPLOYMENT_TARGET = 13.6;
				MARKETING_VERSION = 1.0;
				PRODUCT_BUNDLE_IDENTIFIER = com.pitinovamargo.TravelScheduleTests;
				PRODUCT_NAME = "$(TARGET_NAME)";
				SWIFT_EMIT_LOC_STRINGS = NO;
				SWIFT_VERSION = 5.0;
				TEST_HOST = "$(BUILT_PRODUCTS_DIR)/TravelSchedule.app/$(BUNDLE_EXECUTABLE_FOLDER_PATH)/TravelSchedule";
			};
			name = Debug;
		};
		6443AF322BA118ED00FB66B3 /* Release */ = {
			isa = XCBuildConfiguration;
			buildSettings = {
				ALWAYS_EMBED_SWIFT_STANDARD_LIBRARIES = YES;
				BUNDLE_LOADER = "$(TEST_HOST)";
				CODE_SIGN_STYLE = Automatic;
				CURRENT_PROJECT_VERSION = 1;
				DEVELOPMENT_TEAM = DMFV8BKN4K;
				GENERATE_INFOPLIST_FILE = YES;
				MACOSX_DEPLOYMENT_TARGET = 13.6;
				MARKETING_VERSION = 1.0;
				PRODUCT_BUNDLE_IDENTIFIER = com.pitinovamargo.TravelScheduleTests;
				PRODUCT_NAME = "$(TARGET_NAME)";
				SWIFT_EMIT_LOC_STRINGS = NO;
				SWIFT_VERSION = 5.0;
				TEST_HOST = "$(BUILT_PRODUCTS_DIR)/TravelSchedule.app/$(BUNDLE_EXECUTABLE_FOLDER_PATH)/TravelSchedule";
			};
			name = Release;
		};
		6443AF342BA118ED00FB66B3 /* Debug */ = {
			isa = XCBuildConfiguration;
			buildSettings = {
				ALWAYS_EMBED_SWIFT_STANDARD_LIBRARIES = YES;
				CODE_SIGN_STYLE = Automatic;
				CURRENT_PROJECT_VERSION = 1;
				DEVELOPMENT_TEAM = DMFV8BKN4K;
				GENERATE_INFOPLIST_FILE = YES;
				MARKETING_VERSION = 1.0;
				PRODUCT_BUNDLE_IDENTIFIER = com.pitinovamargo.TravelScheduleUITests;
				PRODUCT_NAME = "$(TARGET_NAME)";
				SWIFT_EMIT_LOC_STRINGS = NO;
				SWIFT_VERSION = 5.0;
				TEST_TARGET_NAME = TravelSchedule;
			};
			name = Debug;
		};
		6443AF352BA118ED00FB66B3 /* Release */ = {
			isa = XCBuildConfiguration;
			buildSettings = {
				ALWAYS_EMBED_SWIFT_STANDARD_LIBRARIES = YES;
				CODE_SIGN_STYLE = Automatic;
				CURRENT_PROJECT_VERSION = 1;
				DEVELOPMENT_TEAM = DMFV8BKN4K;
				GENERATE_INFOPLIST_FILE = YES;
				MARKETING_VERSION = 1.0;
				PRODUCT_BUNDLE_IDENTIFIER = com.pitinovamargo.TravelScheduleUITests;
				PRODUCT_NAME = "$(TARGET_NAME)";
				SWIFT_EMIT_LOC_STRINGS = NO;
				SWIFT_VERSION = 5.0;
				TEST_TARGET_NAME = TravelSchedule;
			};
			name = Release;
		};
/* End XCBuildConfiguration section */

/* Begin XCConfigurationList section */
		6443AF032BA118EA00FB66B3 /* Build configuration list for PBXProject "TravelSchedule" */ = {
			isa = XCConfigurationList;
			buildConfigurations = (
				6443AF2B2BA118ED00FB66B3 /* Debug */,
				6443AF2C2BA118ED00FB66B3 /* Release */,
			);
			defaultConfigurationIsVisible = 0;
			defaultConfigurationName = Release;
		};
		6443AF2D2BA118ED00FB66B3 /* Build configuration list for PBXNativeTarget "TravelSchedule" */ = {
			isa = XCConfigurationList;
			buildConfigurations = (
				6443AF2E2BA118ED00FB66B3 /* Debug */,
				6443AF2F2BA118ED00FB66B3 /* Release */,
			);
			defaultConfigurationIsVisible = 0;
			defaultConfigurationName = Release;
		};
		6443AF302BA118ED00FB66B3 /* Build configuration list for PBXNativeTarget "TravelScheduleTests" */ = {
			isa = XCConfigurationList;
			buildConfigurations = (
				6443AF312BA118ED00FB66B3 /* Debug */,
				6443AF322BA118ED00FB66B3 /* Release */,
			);
			defaultConfigurationIsVisible = 0;
			defaultConfigurationName = Release;
		};
		6443AF332BA118ED00FB66B3 /* Build configuration list for PBXNativeTarget "TravelScheduleUITests" */ = {
			isa = XCConfigurationList;
			buildConfigurations = (
				6443AF342BA118ED00FB66B3 /* Debug */,
				6443AF352BA118ED00FB66B3 /* Release */,
			);
			defaultConfigurationIsVisible = 0;
			defaultConfigurationName = Release;
		};
/* End XCConfigurationList section */

/* Begin XCRemoteSwiftPackageReference section */
		645435D92BA11AE200F7D519 /* XCRemoteSwiftPackageReference "swift-openapi-urlsession" */ = {
			isa = XCRemoteSwiftPackageReference;
			repositoryURL = "https://github.com/apple/swift-openapi-urlsession";
			requirement = {
				kind = upToNextMajorVersion;
				minimumVersion = 1.0.1;
			};
		};
		645435DC2BA11B1C00F7D519 /* XCRemoteSwiftPackageReference "swift-openapi-generator" */ = {
			isa = XCRemoteSwiftPackageReference;
			repositoryURL = "https://github.com/apple/swift-openapi-generator";
			requirement = {
				kind = upToNextMajorVersion;
				minimumVersion = 1.2.1;
			};
		};
		645435E12BA11B4200F7D519 /* XCRemoteSwiftPackageReference "swift-openapi-runtime" */ = {
			isa = XCRemoteSwiftPackageReference;
			repositoryURL = "https://github.com/apple/swift-openapi-runtime";
			requirement = {
				kind = upToNextMajorVersion;
				minimumVersion = 1.3.2;
			};
		};
/* End XCRemoteSwiftPackageReference section */

/* Begin XCSwiftPackageProductDependency section */
		645435DA2BA11AE200F7D519 /* OpenAPIURLSession */ = {
			isa = XCSwiftPackageProductDependency;
			package = 645435D92BA11AE200F7D519 /* XCRemoteSwiftPackageReference "swift-openapi-urlsession" */;
			productName = OpenAPIURLSession;
		};
		645435E22BA11B4200F7D519 /* OpenAPIRuntime */ = {
			isa = XCSwiftPackageProductDependency;
			package = 645435E12BA11B4200F7D519 /* XCRemoteSwiftPackageReference "swift-openapi-runtime" */;
			productName = OpenAPIRuntime;
		};
		645435E42BA11B8500F7D519 /* OpenAPIGenerator */ = {
			isa = XCSwiftPackageProductDependency;
			package = 645435DC2BA11B1C00F7D519 /* XCRemoteSwiftPackageReference "swift-openapi-generator" */;
			productName = "plugin:OpenAPIGenerator";
		};
/* End XCSwiftPackageProductDependency section */
	};
	rootObject = 6443AF002BA118EA00FB66B3 /* Project object */;
}
